
Microsoft Visual Studio Solution File, Format Version 12.00
# Visual Studio Version 17
VisualStudioVersion = 17.7.34202.233
MinimumVisualStudioVersion = 10.0.40219.1
Project("{FAE04EC0-301F-11D3-BF4B-00C04F79EFBC}") = "Asp.net core-CRUD", "Asp.net core-CRUD\Asp.net core-CRUD.csproj", "{B23D7D50-9D65-4FDA-AD2D-EA2D91603019}"
EndProject
Global
	GlobalSection(SolutionConfigurationPlatforms) = preSolution
		Debug|Any CPU = Debug|Any CPU
		Release|Any CPU = Release|Any CPU
	EndGlobalSection
	GlobalSection(ProjectConfigurationPlatforms) = postSolution
		{B23D7D50-9D65-4FDA-AD2D-EA2D91603019}.Debug|Any CPU.ActiveCfg = Debug|Any CPU
		{B23D7D50-9D65-4FDA-AD2D-EA2D91603019}.Debug|Any CPU.Build.0 = Debug|Any CPU
		{B23D7D50-9D65-4FDA-AD2D-EA2D91603019}.Release|Any CPU.ActiveCfg = Release|Any CPU
		{B23D7D50-9D65-4FDA-AD2D-EA2D91603019}.Release|Any CPU.Build.0 = Release|Any CPU
	EndGlobalSection
	GlobalSection(SolutionProperties) = preSolution
		HideSolutionNode = FALSE
	EndGlobalSection
	GlobalSection(ExtensibilityGlobals) = postSolution
		SolutionGuid = {8F675E3A-D9B2-4F23-8DC1-5404BBC1FDD7}
	EndGlobalSection
EndGlobal
